// !$*UTF8*$!
{
	archiveVersion = 1;
	classes = {
	};
	objectVersion = 50;
	objects = {

/* Begin PBXBuildFile section */
		DA0EF6AF24BCBEAF00C1B521 /* AppDelegate.swift in Sources */ = {isa = PBXBuildFile; fileRef = DA0EF6AE24BCBEAF00C1B521 /* AppDelegate.swift */; };
		DA0EF6B124BCBEAF00C1B521 /* SceneDelegate.swift in Sources */ = {isa = PBXBuildFile; fileRef = DA0EF6B024BCBEAF00C1B521 /* SceneDelegate.swift */; };
		DA0EF6B324BCBEAF00C1B521 /* ContentView.swift in Sources */ = {isa = PBXBuildFile; fileRef = DA0EF6B224BCBEAF00C1B521 /* ContentView.swift */; };
		DA0EF6B524BCBEB200C1B521 /* Assets.xcassets in Resources */ = {isa = PBXBuildFile; fileRef = DA0EF6B424BCBEB200C1B521 /* Assets.xcassets */; };
		DA0EF6B824BCBEB200C1B521 /* Preview Assets.xcassets in Resources */ = {isa = PBXBuildFile; fileRef = DA0EF6B724BCBEB200C1B521 /* Preview Assets.xcassets */; };
		DA0EF6BB24BCBEB200C1B521 /* LaunchScreen.storyboard in Resources */ = {isa = PBXBuildFile; fileRef = DA0EF6B924BCBEB200C1B521 /* LaunchScreen.storyboard */; };
		DA0EF6C324BCC00B00C1B521 /* Model.swift in Sources */ = {isa = PBXBuildFile; fileRef = DA0EF6C224BCC00B00C1B521 /* Model.swift */; };
		DA0EF6C524BCC02D00C1B521 /* ViewModel.swift in Sources */ = {isa = PBXBuildFile; fileRef = DA0EF6C424BCC02D00C1B521 /* ViewModel.swift */; };
		DA0EF6C724BCE40300C1B521 /* Rotate.swift in Sources */ = {isa = PBXBuildFile; fileRef = DA0EF6C624BCE40300C1B521 /* Rotate.swift */; };
/* End PBXBuildFile section */

/* Begin PBXFileReference section */
		DA0EF6AB24BCBEAF00C1B521 /* TestSwiftUI.app */ = {isa = PBXFileReference; explicitFileType = wrapper.application; includeInIndex = 0; path = TestSwiftUI.app; sourceTree = BUILT_PRODUCTS_DIR; };
		DA0EF6AE24BCBEAF00C1B521 /* AppDelegate.swift */ = {isa = PBXFileReference; lastKnownFileType = sourcecode.swift; path = AppDelegate.swift; sourceTree = "<group>"; };
		DA0EF6B024BCBEAF00C1B521 /* SceneDelegate.swift */ = {isa = PBXFileReference; lastKnownFileType = sourcecode.swift; path = SceneDelegate.swift; sourceTree = "<group>"; };
		DA0EF6B224BCBEAF00C1B521 /* ContentView.swift */ = {isa = PBXFileReference; lastKnownFileType = sourcecode.swift; path = ContentView.swift; sourceTree = "<group>"; };
		DA0EF6B424BCBEB200C1B521 /* Assets.xcassets */ = {isa = PBXFileReference; lastKnownFileType = folder.assetcatalog; path = Assets.xcassets; sourceTree = "<group>"; };
		DA0EF6B724BCBEB200C1B521 /* Preview Assets.xcassets */ = {isa = PBXFileReference; lastKnownFileType = folder.assetcatalog; path = "Preview Assets.xcassets"; sourceTree = "<group>"; };
		DA0EF6BA24BCBEB200C1B521 /* Base */ = {isa = PBXFileReference; lastKnownFileType = file.storyboard; name = Base; path = Base.lproj/LaunchScreen.storyboard; sourceTree = "<group>"; };
		DA0EF6BC24BCBEB200C1B521 /* Info.plist */ = {isa = PBXFileReference; lastKnownFileType = text.plist.xml; path = Info.plist; sourceTree = "<group>"; };
		DA0EF6C224BCC00B00C1B521 /* Model.swift */ = {isa = PBXFileReference; lastKnownFileType = sourcecode.swift; path = Model.swift; sourceTree = "<group>"; };
		DA0EF6C424BCC02D00C1B521 /* ViewModel.swift */ = {isa = PBXFileReference; lastKnownFileType = sourcecode.swift; path = ViewModel.swift; sourceTree = "<group>"; };
		DA0EF6C624BCE40300C1B521 /* Rotate.swift */ = {isa = PBXFileReference; lastKnownFileType = sourcecode.swift; path = Rotate.swift; sourceTree = "<group>"; };
/* End PBXFileReference section */

/* Begin PBXFrameworksBuildPhase section */
		DA0EF6A824BCBEAF00C1B521 /* Frameworks */ = {
			isa = PBXFrameworksBuildPhase;
			buildActionMask = 2147483647;
			files = (
			);
			runOnlyForDeploymentPostprocessing = 0;
		};
/* End PBXFrameworksBuildPhase section */

/* Begin PBXGroup section */
		DA0EF6A224BCBEAE00C1B521 = {
			isa = PBXGroup;
			children = (
				DA0EF6AD24BCBEAF00C1B521 /* TestSwiftUI */,
				DA0EF6AC24BCBEAF00C1B521 /* Products */,
			);
			sourceTree = "<group>";
		};
		DA0EF6AC24BCBEAF00C1B521 /* Products */ = {
			isa = PBXGroup;
			children = (
				DA0EF6AB24BCBEAF00C1B521 /* TestSwiftUI.app */,
			);
			name = Products;
			sourceTree = "<group>";
		};
		DA0EF6AD24BCBEAF00C1B521 /* TestSwiftUI */ = {
			isa = PBXGroup;
			children = (
				DA0EF6C224BCC00B00C1B521 /* Model.swift */,
				DA0EF6C424BCC02D00C1B521 /* ViewModel.swift */,
				DA0EF6B224BCBEAF00C1B521 /* ContentView.swift */,
				DA0EF6C624BCE40300C1B521 /* Rotate.swift */,
				DA0EF6AE24BCBEAF00C1B521 /* AppDelegate.swift */,
				DA0EF6B024BCBEAF00C1B521 /* SceneDelegate.swift */,
				DA0EF6B424BCBEB200C1B521 /* Assets.xcassets */,
				DA0EF6B924BCBEB200C1B521 /* LaunchScreen.storyboard */,
				DA0EF6BC24BCBEB200C1B521 /* Info.plist */,
				DA0EF6B624BCBEB200C1B521 /* Preview Content */,
			);
			path = TestSwiftUI;
			sourceTree = "<group>";
		};
		DA0EF6B624BCBEB200C1B521 /* Preview Content */ = {
			isa = PBXGroup;
			children = (
				DA0EF6B724BCBEB200C1B521 /* Preview Assets.xcassets */,
			);
			path = "Preview Content";
			sourceTree = "<group>";
		};
/* End PBXGroup section */

/* Begin PBXNativeTarget section */
		DA0EF6AA24BCBEAF00C1B521 /* TestSwiftUI */ = {
			isa = PBXNativeTarget;
			buildConfigurationList = DA0EF6BF24BCBEB200C1B521 /* Build configuration list for PBXNativeTarget "TestSwiftUI" */;
			buildPhases = (
				DA0EF6A724BCBEAF00C1B521 /* Sources */,
				DA0EF6A824BCBEAF00C1B521 /* Frameworks */,
				DA0EF6A924BCBEAF00C1B521 /* Resources */,
			);
			buildRules = (
			);
			dependencies = (
			);
			name = TestSwiftUI;
			productName = TestSwiftUI;
			productReference = DA0EF6AB24BCBEAF00C1B521 /* TestSwiftUI.app */;
			productType = "com.apple.product-type.application";
		};
/* End PBXNativeTarget section */

/* Begin PBXProject section */
		DA0EF6A324BCBEAE00C1B521 /* Project object */ = {
			isa = PBXProject;
			attributes = {
				LastSwiftUpdateCheck = 1150;
				LastUpgradeCheck = 1150;
				ORGANIZATIONNAME = Andrey;
				TargetAttributes = {
					DA0EF6AA24BCBEAF00C1B521 = {
						CreatedOnToolsVersion = 11.5;
					};
				};
			};
			buildConfigurationList = DA0EF6A624BCBEAE00C1B521 /* Build configuration list for PBXProject "TestSwiftUI" */;
			compatibilityVersion = "Xcode 9.3";
			developmentRegion = en;
			hasScannedForEncodings = 0;
			knownRegions = (
				en,
				Base,
			);
			mainGroup = DA0EF6A224BCBEAE00C1B521;
			productRefGroup = DA0EF6AC24BCBEAF00C1B521 /* Products */;
			projectDirPath = "";
			projectRoot = "";
			targets = (
				DA0EF6AA24BCBEAF00C1B521 /* TestSwiftUI */,
			);
		};
/* End PBXProject section */

/* Begin PBXResourcesBuildPhase section */
		DA0EF6A924BCBEAF00C1B521 /* Resources */ = {
			isa = PBXResourcesBuildPhase;
			buildActionMask = 2147483647;
			files = (
				DA0EF6BB24BCBEB200C1B521 /* LaunchScreen.storyboard in Resources */,
				DA0EF6B824BCBEB200C1B521 /* Preview Assets.xcassets in Resources */,
				DA0EF6B524BCBEB200C1B521 /* Assets.xcassets in Resources */,
			);
			runOnlyForDeploymentPostprocessing = 0;
		};
/* End PBXResourcesBuildPhase section */

/* Begin PBXSourcesBuildPhase section */
		DA0EF6A724BCBEAF00C1B521 /* Sources */ = {
			isa = PBXSourcesBuildPhase;
			buildActionMask = 2147483647;
			files = (
				DA0EF6C524BCC02D00C1B521 /* ViewModel.swift in Sources */,
				DA0EF6AF24BCBEAF00C1B521 /* AppDelegate.swift in Sources */,
				DA0EF6B124BCBEAF00C1B521 /* SceneDelegate.swift in Sources */,
				DA0EF6B324BCBEAF00C1B521 /* ContentView.swift in Sources */,
				DA0EF6C724BCE40300C1B521 /* Rotate.swift in Sources */,
				DA0EF6C324BCC00B00C1B521 /* Model.swift in Sources */,
			);
			runOnlyForDeploymentPostprocessing = 0;
		};
/* End PBXSourcesBuildPhase section */

/* Begin PBXVariantGroup section */
		DA0EF6B924BCBEB200C1B521 /* LaunchScreen.storyboard */ = {
			isa = PBXVariantGroup;
			children = (
				DA0EF6BA24BCBEB200C1B521 /* Base */,
			);
			name = LaunchScreen.storyboard;
			sourceTree = "<group>";
		};
/* End PBXVariantGroup section */

/* Begin XCBuildConfiguration section */
		DA0EF6BD24BCBEB200C1B521 /* Debug */ = {
			isa = XCBuildConfiguration;
			buildSettings = {
				ALWAYS_SEARCH_USER_PATHS = NO;
				CLANG_ANALYZER_NONNULL = YES;
				CLANG_ANALYZER_NUMBER_OBJECT_CONVERSION = YES_AGGRESSIVE;
				CLANG_CXX_LANGUAGE_STANDARD = "gnu++14";
				CLANG_CXX_LIBRARY = "libc++";
				CLANG_ENABLE_MODULES = YES;
				CLANG_ENABLE_OBJC_ARC = YES;
				CLANG_ENABLE_OBJC_WEAK = YES;
				CLANG_WARN_BLOCK_CAPTURE_AUTORELEASING = YES;
				CLANG_WARN_BOOL_CONVERSION = YES;
				CLANG_WARN_COMMA = YES;
				CLANG_WARN_CONSTANT_CONVERSION = YES;
				CLANG_WARN_DEPRECATED_OBJC_IMPLEMENTATIONS = YES;
				CLANG_WARN_DIRECT_OBJC_ISA_USAGE = YES_ERROR;
				CLANG_WARN_DOCUMENTATION_COMMENTS = YES;
				CLANG_WARN_EMPTY_BODY = YES;
				CLANG_WARN_ENUM_CONVERSION = YES;
				CLANG_WARN_INFINITE_RECURSION = YES;
				CLANG_WARN_INT_CONVERSION = YES;
				CLANG_WARN_NON_LITERAL_NULL_CONVERSION = YES;
				CLANG_WARN_OBJC_IMPLICIT_RETAIN_SELF = YES;
				CLANG_WARN_OBJC_LITERAL_CONVERSION = YES;
				CLANG_WARN_OBJC_ROOT_CLASS = YES_ERROR;
				CLANG_WARN_RANGE_LOOP_ANALYSIS = YES;
				CLANG_WARN_STRICT_PROTOTYPES = YES;
				CLANG_WARN_SUSPICIOUS_MOVE = YES;
				CLANG_WARN_UNGUARDED_AVAILABILITY = YES_AGGRESSIVE;
				CLANG_WARN_UNREACHABLE_CODE = YES;
				CLANG_WARN__DUPLICATE_METHOD_MATCH = YES;
				COPY_PHASE_STRIP = NO;
				DEBUG_INFORMATION_FORMAT = dwarf;
				ENABLE_STRICT_OBJC_MSGSEND = YES;
				ENABLE_TESTABILITY = YES;
				GCC_C_LANGUAGE_STANDARD = gnu11;
				GCC_DYNAMIC_NO_PIC = NO;
				GCC_NO_COMMON_BLOCKS = YES;
				GCC_OPTIMIZATION_LEVEL = 0;
				GCC_PREPROCESSOR_DEFINITIONS = (
					"DEBUG=1",
					"$(inherited)",
				);
				GCC_WARN_64_TO_32_BIT_CONVERSION = YES;
				GCC_WARN_ABOUT_RETURN_TYPE = YES_ERROR;
				GCC_WARN_UNDECLARED_SELECTOR = YES;
				GCC_WARN_UNINITIALIZED_AUTOS = YES_AGGRESSIVE;
				GCC_WARN_UNUSED_FUNCTION = YES;
				GCC_WARN_UNUSED_VARIABLE = YES;
				IPHONEOS_DEPLOYMENT_TARGET = 13.5;
				MTL_ENABLE_DEBUG_INFO = INCLUDE_SOURCE;
				MTL_FAST_MATH = YES;
				ONLY_ACTIVE_ARCH = YES;
				SDKROOT = iphoneos;
				SWIFT_ACTIVE_COMPILATION_CONDITIONS = DEBUG;
				SWIFT_OPTIMIZATION_LEVEL = "-Onone";
			};
			name = Debug;
		};
		DA0EF6BE24BCBEB200C1B521 /* Release */ = {
			isa = XCBuildConfiguration;
			buildSettings = {
				ALWAYS_SEARCH_USER_PATHS = NO;
				CLANG_ANALYZER_NONNULL = YES;
				CLANG_ANALYZER_NUMBER_OBJECT_CONVERSION = YES_AGGRESSIVE;
				CLANG_CXX_LANGUAGE_STANDARD = "gnu++14";
				CLANG_CXX_LIBRARY = "libc++";
				CLANG_ENABLE_MODULES = YES;
				CLANG_ENABLE_OBJC_ARC = YES;
				CLANG_ENABLE_OBJC_WEAK = YES;
				CLANG_WARN_BLOCK_CAPTURE_AUTORELEASING = YES;
				CLANG_WARN_BOOL_CONVERSION = YES;
				CLANG_WARN_COMMA = YES;
				CLANG_WARN_CONSTANT_CONVERSION = YES;
				CLANG_WARN_DEPRECATED_OBJC_IMPLEMENTATIONS = YES;
				CLANG_WARN_DIRECT_OBJC_ISA_USAGE = YES_ERROR;
				CLANG_WARN_DOCUMENTATION_COMMENTS = YES;
				CLANG_WARN_EMPTY_BODY = YES;
				CLANG_WARN_ENUM_CONVERSION = YES;
				CLANG_WARN_INFINITE_RECURSION = YES;
				CLANG_WARN_INT_CONVERSION = YES;
				CLANG_WARN_NON_LITERAL_NULL_CONVERSION = YES;
				CLANG_WARN_OBJC_IMPLICIT_RETAIN_SELF = YES;
				CLANG_WARN_OBJC_LITERAL_CONVERSION = YES;
				CLANG_WARN_OBJC_ROOT_CLASS = YES_ERROR;
				CLANG_WARN_RANGE_LOOP_ANALYSIS = YES;
				CLANG_WARN_STRICT_PROTOTYPES = YES;
				CLANG_WARN_SUSPICIOUS_MOVE = YES;
				CLANG_WARN_UNGUARDED_AVAILABILITY = YES_AGGRESSIVE;
				CLANG_WARN_UNREACHABLE_CODE = YES;
				CLANG_WARN__DUPLICATE_METHOD_MATCH = YES;
				COPY_PHASE_STRIP = NO;
				DEBUG_INFORMATION_FORMAT = "dwarf-with-dsym";
				ENABLE_NS_ASSERTIONS = NO;
				ENABLE_STRICT_OBJC_MSGSEND = YES;
				GCC_C_LANGUAGE_STANDARD = gnu11;
				GCC_NO_COMMON_BLOCKS = YES;
				GCC_WARN_64_TO_32_BIT_CONVERSION = YES;
				GCC_WARN_ABOUT_RETURN_TYPE = YES_ERROR;
				GCC_WARN_UNDECLARED_SELECTOR = YES;
				GCC_WARN_UNINITIALIZED_AUTOS = YES_AGGRESSIVE;
				GCC_WARN_UNUSED_FUNCTION = YES;
				GCC_WARN_UNUSED_VARIABLE = YES;
				IPHONEOS_DEPLOYMENT_TARGET = 13.5;
				MTL_ENABLE_DEBUG_INFO = NO;
				MTL_FAST_MATH = YES;
				SDKROOT = iphoneos;
				SWIFT_COMPILATION_MODE = wholemodule;
				SWIFT_OPTIMIZATION_LEVEL = "-O";
				VALIDATE_PRODUCT = YES;
			};
			name = Release;
		};
		DA0EF6C024BCBEB200C1B521 /* Debug */ = {
			isa = XCBuildConfiguration;
			buildSettings = {
				ASSETCATALOG_COMPILER_APPICON_NAME = AppIcon;
				CODE_SIGN_STYLE = Automatic;
				DEVELOPMENT_ASSET_PATHS = "\"TestSwiftUI/Preview Content\"";
				DEVELOPMENT_TEAM = 8P2J48N9M9;
				ENABLE_PREVIEWS = YES;
				INFOPLIST_FILE = TestSwiftUI/Info.plist;
				LD_RUNPATH_SEARCH_PATHS = (
					"$(inherited)",
					"@executable_path/Frameworks",
				);
				PRODUCT_BUNDLE_IDENTIFIER = home.TestSwiftUI;
				PRODUCT_NAME = "$(TARGET_NAME)";
				SWIFT_VERSION = 5.0;
				TARGETED_DEVICE_FAMILY = "1,2";
			};
			name = Debug;
		};
		DA0EF6C124BCBEB200C1B521 /* Release */ = {
			isa = XCBuildConfiguration;
			buildSettings = {
				ASSETCATALOG_COMPILER_APPICON_NAME = AppIcon;
				CODE_SIGN_STYLE = Automatic;
				DEVELOPMENT_ASSET_PATHS = "\"TestSwiftUI/Preview Content\"";
				DEVELOPMENT_TEAM = 8P2J48N9M9;
				ENABLE_PREVIEWS = YES;
				INFOPLIST_FILE = TestSwiftUI/Info.plist;
				LD_RUNPATH_SEARCH_PATHS = (
					"$(inherited)",
					"@executable_path/Frameworks",
				);
				PRODUCT_BUNDLE_IDENTIFIER = home.TestSwiftUI;
				PRODUCT_NAME = "$(TARGET_NAME)";
				SWIFT_VERSION = 5.0;
				TARGETED_DEVICE_FAMILY = "1,2";
			};
			name = Release;
		};
/* End XCBuildConfiguration section */

/* Begin XCConfigurationList section */
		DA0EF6A624BCBEAE00C1B521 /* Build configuration list for PBXProject "TestSwiftUI" */ = {
			isa = XCConfigurationList;
			buildConfigurations = (
				DA0EF6BD24BCBEB200C1B521 /* Debug */,
				DA0EF6BE24BCBEB200C1B521 /* Release */,
			);
			defaultConfigurationIsVisible = 0;
			defaultConfigurationName = Release;
		};
		DA0EF6BF24BCBEB200C1B521 /* Build configuration list for PBXNativeTarget "TestSwiftUI" */ = {
			isa = XCConfigurationList;
			buildConfigurations = (
				DA0EF6C024BCBEB200C1B521 /* Debug */,
				DA0EF6C124BCBEB200C1B521 /* Release */,
			);
			defaultConfigurationIsVisible = 0;
			defaultConfigurationName = Release;
		};
/* End XCConfigurationList section */
	};
	rootObject = DA0EF6A324BCBEAE00C1B521 /* Project object */;
}
